
Microsoft Visual Studio Solution File, Format Version 12.00
# Visual Studio 15
VisualStudioVersion = 15.0.27703.2042
MinimumVisualStudioVersion = 10.0.40219.1
Project("{FAE04EC0-301F-11D3-BF4B-00C04F79EFBC}") = "ContosoUniversity", "ContosoUniversity\ContosoUniversity.csproj", "{C34EFFC7-00CB-4579-A574-1A1EE55336CF}"
EndProject
Global
	GlobalSection(SolutionConfigurationPlatforms) = preSolution
		Debug|Any CPU = Debug|Any CPU
		Release|Any CPU = Release|Any CPU
	EndGlobalSection
	GlobalSection(ProjectConfigurationPlatforms) = postSolution
		{C34EFFC7-00CB-4579-A574-1A1EE55336CF}.Debug|Any CPU.ActiveCfg = Debug|Any CPU
		{C34EFFC7-00CB-4579-A574-1A1EE55336CF}.Debug|Any CPU.Build.0 = Debug|Any CPU
		{C34EFFC7-00CB-4579-A574-1A1EE55336CF}.Release|Any CPU.ActiveCfg = Release|Any CPU
		{C34EFFC7-00CB-4579-A574-1A1EE55336CF}.Release|Any CPU.Build.0 = Release|Any CPU
	EndGlobalSection
	GlobalSection(SolutionProperties) = preSolution
		HideSolutionNode = FALSE
	EndGlobalSection
	GlobalSection(ExtensibilityGlobals) = postSolution
		SolutionGuid = {AF4B1D7F-CF7D-4C44-AB50-933A1DFF9AD2}
	EndGlobalSection
EndGlobal
